dependencies:
  espressif/esp32-camera:
    component_hash: c3eb05fbeeae884a23bed9b17d48d5f0da8872beadae0c0e747d2fbea6094f06
    dependencies: []
    source:
      registry_url: https://components.espressif.com/
      type: service
    version: 2.0.15
  espressif/esp_jpeg:
    component_hash: 14c7335ea46c9ba51af8222ce7c31fe8c4f3417bece0287fdb4152f81cb6af95
    dependencies:
    - name: idf
      require: private
      version: '>=5.0'
    source:
      registry_url: https://components.espressif.com/
      type: service
    version: 1.2.1
  espressif/esp_sccb_intf:
    component_hash: 19fd07c1296aaf03f61d0f5959c4b6d7d53380f499d28d5c197be0a8c6e04d74
    dependencies:
    - name: idf
      require: private
      version: '>=5.3'
    source:
      registry_url: https://components.espressif.com/
      type: service
    version: 0.0.4
  idf:
    source:
      type: idf
    version: 5.4.0
direct_dependencies:
- espressif/esp32-camera
- espressif/esp_jpeg
- espressif/esp_sccb_intf
- idf
manifest_hash: d924ea14ac1842c3e4dc774f95fd212876799c66b7d74f1a6ad75e2be5685e47
target: esp32s3
version: 2.0.0
